
Microsoft Visual Studio Solution File, Format Version 12.00
# Visual Studio Version 17
VisualStudioVersion = 17.3.32929.385
MinimumVisualStudioVersion = 10.0.40219.1
Project("{9A19103F-16F7-4668-BE54-9A1E7A4F7556}") = "eCommerce.API", "eCommerce.API\eCommerce.API.csproj", "{2F1966D0-88E0-4921-B4DE-E85309BB66C3}"
EndProject
Project("{2150E333-8FDC-42A3-9474-1A3956D46DE8}") = "Domain", "Domain", "{85E4DA71-3F70-49F6-96DD-7A4DAC869E1A}"
EndProject
Project("{2150E333-8FDC-42A3-9474-1A3956D46DE8}") = "Infrastructure", "Infrastructure", "{E428A08B-6A01-43D1-BDD6-17A6358B3BCD}"
EndProject
Project("{2150E333-8FDC-42A3-9474-1A3956D46DE8}") = "Service", "Service", "{692F81AC-1F3B-4157-90C0-79514BCD4B6F}"
EndProject
Project("{9A19103F-16F7-4668-BE54-9A1E7A4F7556}") = "eCommerce.Domain", "eCommerce.Domain\eCommerce.Domain.csproj", "{6B7CF00A-4ACE-4D88-AA33-A816659DC8F8}"
EndProject
Project("{9A19103F-16F7-4668-BE54-9A1E7A4F7556}") = "eCommerce.Domain.Tests", "eCommerce.Domain.Tests\eCommerce.Domain.Tests.csproj", "{FB92B5C3-DF22-40A2-B831-033894138A5D}"
EndProject
Project("{9A19103F-16F7-4668-BE54-9A1E7A4F7556}") = "eCommerce.Repository.Authentication", "eCommerce.Repository\eCommerce.Repository.Authentication.csproj", "{D82F8902-40B3-46D0-ACD8-A3669CAE424A}"
EndProject
Project("{9A19103F-16F7-4668-BE54-9A1E7A4F7556}") = "eCommerce.Service", "eCommerce.Service\eCommerce.Service.csproj", "{3879A618-19BA-4C46-B147-03C9707E761E}"
EndProject
Project("{9A19103F-16F7-4668-BE54-9A1E7A4F7556}") = "eCommerce.Service.Contracts", "eCommerce.Service.Contracts\eCommerce.Service.Contracts.csproj", "{5255A4DB-7F1C-4798-9339-8B8D75B3FE2D}"
EndProject
Project("{2150E333-8FDC-42A3-9474-1A3956D46DE8}") = "Framework", "Framework", "{4A6CDE97-8612-40A4-94AB-1AB69D205BB6}"
EndProject
Project("{9A19103F-16F7-4668-BE54-9A1E7A4F7556}") = "Framework.api", "Framework.api\Framework.api.csproj", "{B296CD3C-5C18-4437-BF38-9A6D7D08CD73}"
EndProject
Project("{9A19103F-16F7-4668-BE54-9A1E7A4F7556}") = "Framework.Core", "Framework.Core\Framework.Core.csproj", "{C774D29C-B047-455E-AE1C-59A5BB124DD3}"
EndProject
Project("{9A19103F-16F7-4668-BE54-9A1E7A4F7556}") = "Framework.Domain", "Framework.Domain\Framework.Domain.csproj", "{BBC76BF2-D164-43FC-A6B3-25C43E87656F}"
EndProject
Project("{9A19103F-16F7-4668-BE54-9A1E7A4F7556}") = "Framework.Repository", "Framework.Repository\Framework.Repository.csproj", "{A9998E42-4695-4837-99FD-5D74EA75B068}"
EndProject
Project("{9A19103F-16F7-4668-BE54-9A1E7A4F7556}") = "Framework.Authentication", "Framework.Authentication\Framework.Authentication.csproj", "{5C7CB731-6F80-4864-8B8C-987237042924}"
EndProject
Project("{FAE04EC0-301F-11D3-BF4B-00C04F79EFBC}") = "eCommerce.Repository.Main", "eCommerce.Repository.Main\eCommerce.Repository.Main.csproj", "{3C5DD601-1FB0-4BB2-AAF9-FC3080AF3C42}"
EndProject
Global
	GlobalSection(SolutionConfigurationPlatforms) = preSolution
		Debug|Any CPU = Debug|Any CPU
		Release|Any CPU = Release|Any CPU
	EndGlobalSection
	GlobalSection(ProjectConfigurationPlatforms) = postSolution
		{2F1966D0-88E0-4921-B4DE-E85309BB66C3}.Debug|Any CPU.ActiveCfg = Debug|Any CPU
		{2F1966D0-88E0-4921-B4DE-E85309BB66C3}.Debug|Any CPU.Build.0 = Debug|Any CPU
		{2F1966D0-88E0-4921-B4DE-E85309BB66C3}.Release|Any CPU.ActiveCfg = Release|Any CPU
		{2F1966D0-88E0-4921-B4DE-E85309BB66C3}.Release|Any CPU.Build.0 = Release|Any CPU
		{6B7CF00A-4ACE-4D88-AA33-A816659DC8F8}.Debug|Any CPU.ActiveCfg = Debug|Any CPU
		{6B7CF00A-4ACE-4D88-AA33-A816659DC8F8}.Debug|Any CPU.Build.0 = Debug|Any CPU
		{6B7CF00A-4ACE-4D88-AA33-A816659DC8F8}.Release|Any CPU.ActiveCfg = Release|Any CPU
		{6B7CF00A-4ACE-4D88-AA33-A816659DC8F8}.Release|Any CPU.Build.0 = Release|Any CPU
		{FB92B5C3-DF22-40A2-B831-033894138A5D}.Debug|Any CPU.ActiveCfg = Debug|Any CPU
		{FB92B5C3-DF22-40A2-B831-033894138A5D}.Debug|Any CPU.Build.0 = Debug|Any CPU
		{FB92B5C3-DF22-40A2-B831-033894138A5D}.Release|Any CPU.ActiveCfg = Release|Any CPU
		{FB92B5C3-DF22-40A2-B831-033894138A5D}.Release|Any CPU.Build.0 = Release|Any CPU
		{D82F8902-40B3-46D0-ACD8-A3669CAE424A}.Debug|Any CPU.ActiveCfg = Debug|Any CPU
		{D82F8902-40B3-46D0-ACD8-A3669CAE424A}.Debug|Any CPU.Build.0 = Debug|Any CPU
		{D82F8902-40B3-46D0-ACD8-A3669CAE424A}.Release|Any CPU.ActiveCfg = Release|Any CPU
		{D82F8902-40B3-46D0-ACD8-A3669CAE424A}.Release|Any CPU.Build.0 = Release|Any CPU
		{3879A618-19BA-4C46-B147-03C9707E761E}.Debug|Any CPU.ActiveCfg = Debug|Any CPU
		{3879A618-19BA-4C46-B147-03C9707E761E}.Debug|Any CPU.Build.0 = Debug|Any CPU
		{3879A618-19BA-4C46-B147-03C9707E761E}.Release|Any CPU.ActiveCfg = Release|Any CPU
		{3879A618-19BA-4C46-B147-03C9707E761E}.Release|Any CPU.Build.0 = Release|Any CPU
		{5255A4DB-7F1C-4798-9339-8B8D75B3FE2D}.Debug|Any CPU.ActiveCfg = Debug|Any CPU
		{5255A4DB-7F1C-4798-9339-8B8D75B3FE2D}.Debug|Any CPU.Build.0 = Debug|Any CPU
		{5255A4DB-7F1C-4798-9339-8B8D75B3FE2D}.Release|Any CPU.ActiveCfg = Release|Any CPU
		{5255A4DB-7F1C-4798-9339-8B8D75B3FE2D}.Release|Any CPU.Build.0 = Release|Any CPU
		{B296CD3C-5C18-4437-BF38-9A6D7D08CD73}.Debug|Any CPU.ActiveCfg = Debug|Any CPU
		{B296CD3C-5C18-4437-BF38-9A6D7D08CD73}.Debug|Any CPU.Build.0 = Debug|Any CPU
		{B296CD3C-5C18-4437-BF38-9A6D7D08CD73}.Release|Any CPU.ActiveCfg = Release|Any CPU
		{B296CD3C-5C18-4437-BF38-9A6D7D08CD73}.Release|Any CPU.Build.0 = Release|Any CPU
		{C774D29C-B047-455E-AE1C-59A5BB124DD3}.Debug|Any CPU.ActiveCfg = Debug|Any CPU
		{C774D29C-B047-455E-AE1C-59A5BB124DD3}.Debug|Any CPU.Build.0 = Debug|Any CPU
		{C774D29C-B047-455E-AE1C-59A5BB124DD3}.Release|Any CPU.ActiveCfg = Release|Any CPU
		{C774D29C-B047-455E-AE1C-59A5BB124DD3}.Release|Any CPU.Build.0 = Release|Any CPU
		{BBC76BF2-D164-43FC-A6B3-25C43E87656F}.Debug|Any CPU.ActiveCfg = Debug|Any CPU
		{BBC76BF2-D164-43FC-A6B3-25C43E87656F}.Debug|Any CPU.Build.0 = Debug|Any CPU
		{BBC76BF2-D164-43FC-A6B3-25C43E87656F}.Release|Any CPU.ActiveCfg = Release|Any CPU
		{BBC76BF2-D164-43FC-A6B3-25C43E87656F}.Release|Any CPU.Build.0 = Release|Any CPU
		{A9998E42-4695-4837-99FD-5D74EA75B068}.Debug|Any CPU.ActiveCfg = Debug|Any CPU
		{A9998E42-4695-4837-99FD-5D74EA75B068}.Debug|Any CPU.Build.0 = Debug|Any CPU
		{A9998E42-4695-4837-99FD-5D74EA75B068}.Release|Any CPU.ActiveCfg = Release|Any CPU
		{A9998E42-4695-4837-99FD-5D74EA75B068}.Release|Any CPU.Build.0 = Release|Any CPU
		{5C7CB731-6F80-4864-8B8C-987237042924}.Debug|Any CPU.ActiveCfg = Debug|Any CPU
		{5C7CB731-6F80-4864-8B8C-987237042924}.Debug|Any CPU.Build.0 = Debug|Any CPU
		{5C7CB731-6F80-4864-8B8C-987237042924}.Release|Any CPU.ActiveCfg = Release|Any CPU
		{5C7CB731-6F80-4864-8B8C-987237042924}.Release|Any CPU.Build.0 = Release|Any CPU
		{3C5DD601-1FB0-4BB2-AAF9-FC3080AF3C42}.Debug|Any CPU.ActiveCfg = Debug|Any CPU
		{3C5DD601-1FB0-4BB2-AAF9-FC3080AF3C42}.Debug|Any CPU.Build.0 = Debug|Any CPU
		{3C5DD601-1FB0-4BB2-AAF9-FC3080AF3C42}.Release|Any CPU.ActiveCfg = Release|Any CPU
		{3C5DD601-1FB0-4BB2-AAF9-FC3080AF3C42}.Release|Any CPU.Build.0 = Release|Any CPU
	EndGlobalSection
	GlobalSection(SolutionProperties) = preSolution
		HideSolutionNode = FALSE
	EndGlobalSection
	GlobalSection(NestedProjects) = preSolution
		{6B7CF00A-4ACE-4D88-AA33-A816659DC8F8} = {85E4DA71-3F70-49F6-96DD-7A4DAC869E1A}
		{FB92B5C3-DF22-40A2-B831-033894138A5D} = {85E4DA71-3F70-49F6-96DD-7A4DAC869E1A}
		{D82F8902-40B3-46D0-ACD8-A3669CAE424A} = {E428A08B-6A01-43D1-BDD6-17A6358B3BCD}
		{3879A618-19BA-4C46-B147-03C9707E761E} = {692F81AC-1F3B-4157-90C0-79514BCD4B6F}
		{5255A4DB-7F1C-4798-9339-8B8D75B3FE2D} = {692F81AC-1F3B-4157-90C0-79514BCD4B6F}
		{B296CD3C-5C18-4437-BF38-9A6D7D08CD73} = {4A6CDE97-8612-40A4-94AB-1AB69D205BB6}
		{C774D29C-B047-455E-AE1C-59A5BB124DD3} = {4A6CDE97-8612-40A4-94AB-1AB69D205BB6}
		{BBC76BF2-D164-43FC-A6B3-25C43E87656F} = {4A6CDE97-8612-40A4-94AB-1AB69D205BB6}
		{A9998E42-4695-4837-99FD-5D74EA75B068} = {4A6CDE97-8612-40A4-94AB-1AB69D205BB6}
		{5C7CB731-6F80-4864-8B8C-987237042924} = {4A6CDE97-8612-40A4-94AB-1AB69D205BB6}
		{3C5DD601-1FB0-4BB2-AAF9-FC3080AF3C42} = {E428A08B-6A01-43D1-BDD6-17A6358B3BCD}
	EndGlobalSection
	GlobalSection(ExtensibilityGlobals) = postSolution
		SolutionGuid = {49987C25-40CD-4F74-825E-2D279C78F60D}
	EndGlobalSection
EndGlobal
